Microsoft Visual Studio Solution File, Format Version 12.00
# Visual Studio 2012
Project("{FAE04EC0-301F-11D3-BF4B-00C04F79EFBC}") = "Goetterblick", "Goetterblick.csproj", "{07C5ADDE-DAE3-4438-90A2-E95A91F6FA01}"
EndProject
Global
	GlobalSection(SolutionConfigurationPlatforms) = preSolution
	Debug|Any CPU = Debug|Any CPU
	ExportDebug|Any CPU = ExportDebug|Any CPU
	ExportRelease|Any CPU = ExportRelease|Any CPU
	EndGlobalSection
	GlobalSection(ProjectConfigurationPlatforms) = postSolution
		{07C5ADDE-DAE3-4438-90A2-E95A91F6FA01}.Debug|Any CPU.ActiveCfg = Debug|Any CPU
		{07C5ADDE-DAE3-4438-90A2-E95A91F6FA01}.Debug|Any CPU.Build.0 = Debug|Any CPU
		{07C5ADDE-DAE3-4438-90A2-E95A91F6FA01}.ExportDebug|Any CPU.ActiveCfg = ExportDebug|Any CPU
		{07C5ADDE-DAE3-4438-90A2-E95A91F6FA01}.ExportDebug|Any CPU.Build.0 = ExportDebug|Any CPU
		{07C5ADDE-DAE3-4438-90A2-E95A91F6FA01}.ExportRelease|Any CPU.ActiveCfg = ExportRelease|Any CPU
		{07C5ADDE-DAE3-4438-90A2-E95A91F6FA01}.ExportRelease|Any CPU.Build.0 = ExportRelease|Any CPU
	EndGlobalSection
EndGlobal
